{"1.2.0",
[{<<"bcrypt">>,
  {git,"https://github.com/erlangpack/bcrypt.git",
       {ref,"564b39e2f86a0e3d8ca08dcd1aae924acffe1408"}},
  0},
 {<<"bson">>,
  {git,"https://github.com/comtihon/bson-erlang.git",
       {ref,"14308ab927cfa69324742c3de720578094e0bb19"}},
  1},
 {<<"bson_erlang">>,
  {git,"https://github.com/comtihon/bson-erlang",
       {ref,"f5a8c7030dd0107d2eed99059bc09c53ebe5e5dd"}},
  0},
 {<<"certifi">>,
  {git,"https://github.com/certifi/erlang-certifi",
       {ref,"3951033035910a755457f94ddd9b3ce6208d2118"}},
  0},
 {<<"cowboy">>,
  {git,"https://github.com/ninenines/cowboy.git",
       {ref,"24d32de931a0c985ff7939077463fc8be939f0e9"}},
  0},
 {<<"cowlib">>,
  {git,"https://github.com/ninenines/cowlib",
       {ref,"d0ab49ed797e5bb48209825428d26947d74aabd5"}},
  1},
 {<<"ecron">>,
  {git,"https://github.com/zhongwencool/ecron",
       {ref,"6e8cdfa8a02eae0a7cc59183f4fe326a56186427"}},
  0},
 {<<"emysql">>,
  {git,"https://github.com/auviis/Emysql",
       {ref,"73b5d6786f11904b505dcb3eab0381a5d5cf0d8c"}},
  0},
 {<<"gen_smtp">>,
  {git,"https://github.com/gen-smtp/gen_smtp",
       {ref,"68ab11101a0710a13d39d73ff780dc9d76ffa15f"}},
  0},
 {<<"goldrush">>,{pkg,<<"goldrush">>,<<"0.1.9">>},1},
 {<<"jiffy">>,
  {git,"https://github.com/davisp/jiffy.git",
       {ref,"9ea1b35b6e60ba21dfd4adbd18e7916a831fd7d4"}},
  0},
 {<<"jose">>,
  {git,"https://github.com/potatosalad/erlang-jose",
       {ref,"7cdd2cde6bb95a049f25b94d434b7500dbc8927c"}},
  0},
 {<<"jsonea">>,
  {git,"https://github.com/sile/jsone",
       {ref,"a1c481fbba655eb1a1dceae259864f46d2933aa6"}},
  0},
 {<<"jsx">>,
  {git,"https://github.com/talentdeficit/jsx.git",
       {ref,"bb9b3e570a7efe331eed0900c3a5188043a850d7"}},
  0},
 {<<"jwerl">>,
  {git,"https://github.com/auviis/jwerl",
       {ref,"c894739ba0945afac02d42990e79b10535070442"}},
  0},
 {<<"lager">>,
  {git,"https://github.com/erlang-lager/lager",
       {ref,"c5447d2d85a0d446d41a79bffe0a6a66bd50c901"}},
  0},
 {<<"locus">>,
  {git,"https://github.com/g-andrade/locus",
       {ref,"34553de924c0837276bbc07ff69a9a04e361b976"}},
  0},
 {<<"mongodb">>,
  {git,"https://github.com/auviis/mongodb-erlang",
       {ref,"8571d76d703afb8e558d8fa4e83b6e107e8a9d6a"}},
  0},
 {<<"mysql">>,
  {git,"https://github.com/mysql-otp/mysql-otp",
       {ref,"1afd59677b3e2daf795f5fd77268e1dbc20f4c51"}},
  0},
 {<<"pbkdf2">>,
  {git,"https://github.com/basho/erlang-pbkdf2",
       {ref,"7e9bd5fcd3cc3062159e4c9214bb628aa6feb5ca"}},
  0},
 {<<"poolboy">>,{pkg,<<"poolboy">>,<<"1.5.2">>},1},
 {<<"ranch">>,
  {git,"https://github.com/ninenines/ranch",
       {ref,"10b51304b26062e0dbfd5e74824324e9a911e269"}},
  1},
 {<<"recon">>,
  {git,"https://github.com/ferd/recon",
       {ref,"fcbdf76d0f21263daa878defd39936de55c3f174"}},
  0},
 {<<"ssl_verify_fun">>,{pkg,<<"ssl_verify_fun">>,<<"1.1.7">>},2},
 {<<"telemetry">>,{pkg,<<"telemetry">>,<<"0.4.0">>},1},
 {<<"tls_certificate_check">>,
  {pkg,<<"tls_certificate_check">>,<<"1.25.0">>},
  1}]}.
[
{pkg_hash,[
 {<<"goldrush">>, <<"F06E5D5F1277DA5C413E84D5A2924174182FB108DABB39D5EC548B27424CD106">>},
 {<<"poolboy">>, <<"392B007A1693A64540CEAD79830443ABF5762F5D30CF50BC95CB2C1AAAFA006B">>},
 {<<"ssl_verify_fun">>, <<"354C321CF377240C7B8716899E182CE4890C5938111A1296ADD3EC74CF1715DF">>},
 {<<"telemetry">>, <<"8339BEE3FA8B91CB84D14C2935F8ECF399CCD87301AD6DA6B71C09553834B2AB">>},
 {<<"tls_certificate_check">>, <<"702B1835FE718A52310509537392ABD067DBE941EBC05FE72409D2B2F8061651">>}]},
{pkg_hash_ext,[
 {<<"goldrush">>, <<"99CB4128CFFCB3227581E5D4D803D5413FA643F4EB96523F77D9E6937D994CEB">>},
 {<<"poolboy">>, <<"DAD79704CE5440F3D5A3681C8590B9DC25D1A561E8F5A9C995281012860901E3">>},
 {<<"ssl_verify_fun">>, <<"FE4C190E8F37401D30167C8C405EDA19469F34577987C76DDE613E838BBC67F8">>},
 {<<"telemetry">>, <<"E9E3CACFD37C1531C0CA70CA7C0C30CE2DBB02998A4F7719DE180FE63F8D41E4">>},
 {<<"tls_certificate_check">>, <<"167343CCF50538CF2FAF61A3F1460E749B3EDF2ECEF55516AF2B5834362ABCB1">>}]}
].
